
Microsoft Visual Studio Solution File, Format Version 12.00
# Visual Studio Version 16
VisualStudioVersion = 16.0.30011.22
MinimumVisualStudioVersion = 10.0.40219.1
Project("{FAE04EC0-301F-11D3-BF4B-00C04F79EFBC}") = "ExcelProtobuf", "ExcelProtobuf\ExcelProtobuf.csproj", "{37109288-BA03-4339-9BCA-D93802D882BC}"
EndProject
Global
	GlobalSection(SolutionConfigurationPlatforms) = preSolution
		Debug|Any CPU = Debug|Any CPU
		Release|Any CPU = Release|Any CPU
	EndGlobalSection
	GlobalSection(ProjectConfigurationPlatforms) = postSolution
		{37109288-BA03-4339-9BCA-D93802D882BC}.Debug|Any CPU.ActiveCfg = Debug|Any CPU
		{37109288-BA03-4339-9BCA-D93802D882BC}.Debug|Any CPU.Build.0 = Debug|Any CPU
		{37109288-BA03-4339-9BCA-D93802D882BC}.Release|Any CPU.ActiveCfg = Release|Any CPU
		{37109288-BA03-4339-9BCA-D93802D882BC}.Release|Any CPU.Build.0 = Release|Any CPU
	EndGlobalSection
	GlobalSection(SolutionProperties) = preSolution
		HideSolutionNode = FALSE
	EndGlobalSection
	GlobalSection(ExtensibilityGlobals) = postSolution
		SolutionGuid = {1C2DB61B-052F-467A-B742-75032ADB11C2}
	EndGlobalSection
EndGlobal
